// !$*UTF8*$!
{
	archiveVersion = 1;
	classes = {
	};
	objectVersion = 46;
	objects = {

/* Begin PBXBuildFile section */
		631A94248F324FED98677F08 /* libPods.a in Frameworks */ = {isa = PBXBuildFile; fileRef = AB0D3F5F09B04D82933709A2 /* libPods.a */; };
		DB5C0FC3176D1E8000ED3D29 /* FFUser.m in Sources */ = {isa = PBXBuildFile; fileRef = DB5C0FC2176D1E8000ED3D29 /* FFUser.m */; };
		DB5C0FC6176D224800ED3D29 /* FFNSDecimalNumberValueTransformer.m in Sources */ = {isa = PBXBuildFile; fileRef = DB5C0FC5176D224800ED3D29 /* FFNSDecimalNumberValueTransformer.m */; };
		DB5C0FC9176D2E8600ED3D29 /* FFUserDetailViewController.m in Sources */ = {isa = PBXBuildFile; fileRef = DB5C0FC8176D2E8600ED3D29 /* FFUserDetailViewController.m */; };
		DB5C0FCC176E2DAE00ED3D29 /* FFNewLogViewController.m in Sources */ = {isa = PBXBuildFile; fileRef = DB5C0FCB176E2DAE00ED3D29 /* FFNewLogViewController.m */; };
		DB5C0FCE176E42F700ED3D29 /* QuartzCore.framework in Frameworks */ = {isa = PBXBuildFile; fileRef = DB5C0FCD176E42F700ED3D29 /* QuartzCore.framework */; };
		DB5C0FD1176E43D600ED3D29 /* FFFormFieldView.m in Sources */ = {isa = PBXBuildFile; fileRef = DB5C0FD0176E43D600ED3D29 /* FFFormFieldView.m */; };
		DB5C0FD4176E65A400ED3D29 /* FFFormView.m in Sources */ = {isa = PBXBuildFile; fileRef = DB5C0FD3176E65A400ED3D29 /* FFFormView.m */; };
		DBB8E1E5176C200700079FDF /* UIKit.framework in Frameworks */ = {isa = PBXBuildFile; fileRef = DBB8E1E4176C200700079FDF /* UIKit.framework */; };
		DBB8E1E7176C200700079FDF /* Foundation.framework in Frameworks */ = {isa = PBXBuildFile; fileRef = DBB8E1E6176C200700079FDF /* Foundation.framework */; };
		DBB8E1E9176C200700079FDF /* CoreGraphics.framework in Frameworks */ = {isa = PBXBuildFile; fileRef = DBB8E1E8176C200700079FDF /* CoreGraphics.framework */; };
		DBB8E1EF176C200700079FDF /* InfoPlist.strings in Resources */ = {isa = PBXBuildFile; fileRef = DBB8E1ED176C200700079FDF /* InfoPlist.strings */; };
		DBB8E1F1176C200700079FDF /* main.m in Sources */ = {isa = PBXBuildFile; fileRef = DBB8E1F0176C200700079FDF /* main.m */; };
		DBB8E1F5176C200700079FDF /* FFAppDelegate.m in Sources */ = {isa = PBXBuildFile; fileRef = DBB8E1F4176C200700079FDF /* FFAppDelegate.m */; };
		DBB8E1F7176C200700079FDF /* Default.png in Resources */ = {isa = PBXBuildFile; fileRef = DBB8E1F6176C200700079FDF /* Default.png */; };
		DBB8E1F9176C200700079FDF /* Default@2x.png in Resources */ = {isa = PBXBuildFile; fileRef = DBB8E1F8176C200700079FDF /* Default@2x.png */; };
		DBB8E1FB176C200700079FDF /* Default-568h@2x.png in Resources */ = {isa = PBXBuildFile; fileRef = DBB8E1FA176C200700079FDF /* Default-568h@2x.png */; };
		DBB8E203176C200700079FDF /* SenTestingKit.framework in Frameworks */ = {isa = PBXBuildFile; fileRef = DBB8E202176C200700079FDF /* SenTestingKit.framework */; };
		DBB8E204176C200700079FDF /* UIKit.framework in Frameworks */ = {isa = PBXBuildFile; fileRef = DBB8E1E4176C200700079FDF /* UIKit.framework */; };
		DBB8E205176C200700079FDF /* Foundation.framework in Frameworks */ = {isa = PBXBuildFile; fileRef = DBB8E1E6176C200700079FDF /* Foundation.framework */; };
		DBB8E20D176C200700079FDF /* InfoPlist.strings in Resources */ = {isa = PBXBuildFile; fileRef = DBB8E20B176C200700079FDF /* InfoPlist.strings */; };
		DBB8E210176C200700079FDF /* FitFriendsTests.m in Sources */ = {isa = PBXBuildFile; fileRef = DBB8E20F176C200700079FDF /* FitFriendsTests.m */; };
		DBB8E222176C271300079FDF /* FFLeaderboardViewController.m in Sources */ = {isa = PBXBuildFile; fileRef = DBB8E221176C271300079FDF /* FFLeaderboardViewController.m */; };
		DBB8E225176C28F500079FDF /* FFUserStatsCell.m in Sources */ = {isa = PBXBuildFile; fileRef = DBB8E224176C28F500079FDF /* FFUserStatsCell.m */; };
		DBB8E231176C396000079FDF /* bread.png in Resources */ = {isa = PBXBuildFile; fileRef = DBB8E22B176C396000079FDF /* bread.png */; };
		DBB8E232176C396000079FDF /* bread@2x.png in Resources */ = {isa = PBXBuildFile; fileRef = DBB8E22C176C396000079FDF /* bread@2x.png */; };
		DBB8E233176C396000079FDF /* water.png in Resources */ = {isa = PBXBuildFile; fileRef = DBB8E22D176C396000079FDF /* water.png */; };
		DBB8E234176C396000079FDF /* water@2x.png in Resources */ = {isa = PBXBuildFile; fileRef = DBB8E22E176C396000079FDF /* water@2x.png */; };
		DBB8E235176C396000079FDF /* scale.png in Resources */ = {isa = PBXBuildFile; fileRef = DBB8E22F176C396000079FDF /* scale.png */; };
		DBB8E236176C396000079FDF /* scale@2x.png in Resources */ = {isa = PBXBuildFile; fileRef = DBB8E230176C396000079FDF /* scale@2x.png */; };
		DBB8E238176C4F7F00079FDF /* Icon-57.png in Resources */ = {isa = PBXBuildFile; fileRef = DBB8E237176C4F7F00079FDF /* Icon-57.png */; };
		DBB8E23A176C4F8400079FDF /* Icon-57@2x.png in Resources */ = {isa = PBXBuildFile; fileRef = DBB8E239176C4F8400079FDF /* Icon-57@2x.png */; };
		DBB8E23F176C513D00079FDF /* calendar.png in Resources */ = {isa = PBXBuildFile; fileRef = DBB8E23D176C513D00079FDF /* calendar.png */; };
		DBB8E240176C513D00079FDF /* calendar@2x.png in Resources */ = {isa = PBXBuildFile; fileRef = DBB8E23E176C513D00079FDF /* calendar@2x.png */; };
		DBC839A1176D1B7800904DDE /* FFAPIClient.m in Sources */ = {isa = PBXBuildFile; fileRef = DBC839A0176D1B7800904DDE /* FFAPIClient.m */; };
/* End PBXBuildFile section */

/* Begin PBXContainerItemProxy section */
		DBB8E206176C200700079FDF /* PBXContainerItemProxy */ = {
			isa = PBXContainerItemProxy;
			containerPortal = DBB8E1D9176C200600079FDF /* Project object */;
			proxyType = 1;
			remoteGlobalIDString = DBB8E1E0176C200600079FDF;
			remoteInfo = FitFriends;
		};
/* End PBXContainerItemProxy section */

/* Begin PBXFileReference section */
		6330A313889F4815BFF243A1 /* Pods.xcconfig */ = {isa = PBXFileReference; includeInIndex = 1; lastKnownFileType = text.xcconfig; name = Pods.xcconfig; path = Pods/Pods.xcconfig; sourceTree = SOURCE_ROOT; };
		AB0D3F5F09B04D82933709A2 /* libPods.a */ = {isa = PBXFileReference; explicitFileType = archive.ar; includeInIndex = 0; path = libPods.a; sourceTree = BUILT_PRODUCTS_DIR; };
		DB5C0FC1176D1E8000ED3D29 /* FFUser.h */ = {isa = PBXFileReference; fileEncoding = 4; lastKnownFileType = sourcecode.c.h; path = FFUser.h; sourceTree = "<group>"; };
		DB5C0FC2176D1E8000ED3D29 /* FFUser.m */ = {isa = PBXFileReference; fileEncoding = 4; lastKnownFileType = sourcecode.c.objc; path = FFUser.m; sourceTree = "<group>"; };
		DB5C0FC4176D224800ED3D29 /* FFNSDecimalNumberValueTransformer.h */ = {isa = PBXFileReference; fileEncoding = 4; lastKnownFileType = sourcecode.c.h; path = FFNSDecimalNumberValueTransformer.h; sourceTree = "<group>"; };
		DB5C0FC5176D224800ED3D29 /* FFNSDecimalNumberValueTransformer.m */ = {isa = PBXFileReference; fileEncoding = 4; lastKnownFileType = sourcecode.c.objc; path = FFNSDecimalNumberValueTransformer.m; sourceTree = "<group>"; };
		DB5C0FC7176D2E8600ED3D29 /* FFUserDetailViewController.h */ = {isa = PBXFileReference; fileEncoding = 4; lastKnownFileType = sourcecode.c.h; path = FFUserDetailViewController.h; sourceTree = "<group>"; };
		DB5C0FC8176D2E8600ED3D29 /* FFUserDetailViewController.m */ = {isa = PBXFileReference; fileEncoding = 4; lastKnownFileType = sourcecode.c.objc; path = FFUserDetailViewController.m; sourceTree = "<group>"; };
		DB5C0FCA176E2DAE00ED3D29 /* FFNewLogViewController.h */ = {isa = PBXFileReference; fileEncoding = 4; lastKnownFileType = sourcecode.c.h; path = FFNewLogViewController.h; sourceTree = "<group>"; };
		DB5C0FCB176E2DAE00ED3D29 /* FFNewLogViewController.m */ = {isa = PBXFileReference; fileEncoding = 4; lastKnownFileType = sourcecode.c.objc; path = FFNewLogViewController.m; sourceTree = "<group>"; };
		DB5C0FCD176E42F700ED3D29 /* QuartzCore.framework */ = {isa = PBXFileReference; lastKnownFileType = wrapper.framework; name = QuartzCore.framework; path = System/Library/Frameworks/QuartzCore.framework; sourceTree = SDKROOT; };
		DB5C0FCF176E43D600ED3D29 /* FFFormFieldView.h */ = {isa = PBXFileReference; fileEncoding = 4; lastKnownFileType = sourcecode.c.h; path = FFFormFieldView.h; sourceTree = "<group>"; };
		DB5C0FD0176E43D600ED3D29 /* FFFormFieldView.m */ = {isa = PBXFileReference; fileEncoding = 4; lastKnownFileType = sourcecode.c.objc; path = FFFormFieldView.m; sourceTree = "<group>"; };
		DB5C0FD2176E65A400ED3D29 /* FFFormView.h */ = {isa = PBXFileReference; fileEncoding = 4; lastKnownFileType = sourcecode.c.h; path = FFFormView.h; sourceTree = "<group>"; };
		DB5C0FD3176E65A400ED3D29 /* FFFormView.m */ = {isa = PBXFileReference; fileEncoding = 4; lastKnownFileType = sourcecode.c.objc; path = FFFormView.m; sourceTree = "<group>"; };
		DBB8E1E1176C200600079FDF /* FitFriends.app */ = {isa = PBXFileReference; explicitFileType = wrapper.application; includeInIndex = 0; path = FitFriends.app; sourceTree = BUILT_PRODUCTS_DIR; };
		DBB8E1E4176C200700079FDF /* UIKit.framework */ = {isa = PBXFileReference; lastKnownFileType = wrapper.framework; name = UIKit.framework; path = System/Library/Frameworks/UIKit.framework; sourceTree = SDKROOT; };
		DBB8E1E6176C200700079FDF /* Foundation.framework */ = {isa = PBXFileReference; lastKnownFileType = wrapper.framework; name = Foundation.framework; path = System/Library/Frameworks/Foundation.framework; sourceTree = SDKROOT; };
		DBB8E1E8176C200700079FDF /* CoreGraphics.framework */ = {isa = PBXFileReference; lastKnownFileType = wrapper.framework; name = CoreGraphics.framework; path = System/Library/Frameworks/CoreGraphics.framework; sourceTree = SDKROOT; };
		DBB8E1EC176C200700079FDF /* FitFriends-Info.plist */ = {isa = PBXFileReference; lastKnownFileType = text.plist.xml; path = "FitFriends-Info.plist"; sourceTree = "<group>"; };
		DBB8E1EE176C200700079FDF /* en */ = {isa = PBXFileReference; lastKnownFileType = text.plist.strings; name = en; path = en.lproj/InfoPlist.strings; sourceTree = "<group>"; };
		DBB8E1F0176C200700079FDF /* main.m */ = {isa = PBXFileReference; lastKnownFileType = sourcecode.c.objc; path = main.m; sourceTree = "<group>"; };
		DBB8E1F2176C200700079FDF /* FitFriends-Prefix.pch */ = {isa = PBXFileReference; lastKnownFileType = sourcecode.c.h; path = "FitFriends-Prefix.pch"; sourceTree = "<group>"; };
		DBB8E1F3176C200700079FDF /* FFAppDelegate.h */ = {isa = PBXFileReference; lastKnownFileType = sourcecode.c.h; path = FFAppDelegate.h; sourceTree = "<group>"; };
		DBB8E1F4176C200700079FDF /* FFAppDelegate.m */ = {isa = PBXFileReference; lastKnownFileType = sourcecode.c.objc; path = FFAppDelegate.m; sourceTree = "<group>"; };
		DBB8E1F6176C200700079FDF /* Default.png */ = {isa = PBXFileReference; lastKnownFileType = image.png; path = Default.png; sourceTree = "<group>"; };
		DBB8E1F8176C200700079FDF /* Default@2x.png */ = {isa = PBXFileReference; lastKnownFileType = image.png; path = "Default@2x.png"; sourceTree = "<group>"; };
		DBB8E1FA176C200700079FDF /* Default-568h@2x.png */ = {isa = PBXFileReference; lastKnownFileType = image.png; path = "Default-568h@2x.png"; sourceTree = "<group>"; };
		DBB8E201176C200700079FDF /* FitFriendsTests.octest */ = {isa = PBXFileReference; explicitFileType = wrapper.cfbundle; includeInIndex = 0; path = FitFriendsTests.octest; sourceTree = BUILT_PRODUCTS_DIR; };
		DBB8E202176C200700079FDF /* SenTestingKit.framework */ = {isa = PBXFileReference; lastKnownFileType = wrapper.framework; name = SenTestingKit.framework; path = Library/Frameworks/SenTestingKit.framework; sourceTree = DEVELOPER_DIR; };
		DBB8E20A176C200700079FDF /* FitFriendsTests-Info.plist */ = {isa = PBXFileReference; lastKnownFileType = text.plist.xml; path = "FitFriendsTests-Info.plist"; sourceTree = "<group>"; };
		DBB8E20C176C200700079FDF /* en */ = {isa = PBXFileReference; lastKnownFileType = text.plist.strings; name = en; path = en.lproj/InfoPlist.strings; sourceTree = "<group>"; };
		DBB8E20E176C200700079FDF /* FitFriendsTests.h */ = {isa = PBXFileReference; lastKnownFileType = sourcecode.c.h; path = FitFriendsTests.h; sourceTree = "<group>"; };
		DBB8E20F176C200700079FDF /* FitFriendsTests.m */ = {isa = PBXFileReference; lastKnownFileType = sourcecode.c.objc; path = FitFriendsTests.m; sourceTree = "<group>"; };
		DBB8E220176C271300079FDF /* FFLeaderboardViewController.h */ = {isa = PBXFileReference; fileEncoding = 4; lastKnownFileType = sourcecode.c.h; path = FFLeaderboardViewController.h; sourceTree = "<group>"; };
		DBB8E221176C271300079FDF /* FFLeaderboardViewController.m */ = {isa = PBXFileReference; fileEncoding = 4; lastKnownFileType = sourcecode.c.objc; path = FFLeaderboardViewController.m; sourceTree = "<group>"; };
		DBB8E223176C28F500079FDF /* FFUserStatsCell.h */ = {isa = PBXFileReference; fileEncoding = 4; lastKnownFileType = sourcecode.c.h; path = FFUserStatsCell.h; sourceTree = "<group>"; };
		DBB8E224176C28F500079FDF /* FFUserStatsCell.m */ = {isa = PBXFileReference; fileEncoding = 4; lastKnownFileType = sourcecode.c.objc; path = FFUserStatsCell.m; sourceTree = "<group>"; };
		DBB8E22B176C396000079FDF /* bread.png */ = {isa = PBXFileReference; lastKnownFileType = image.png; path = bread.png; sourceTree = "<group>"; };
		DBB8E22C176C396000079FDF /* bread@2x.png */ = {isa = PBXFileReference; lastKnownFileType = image.png; path = "bread@2x.png"; sourceTree = "<group>"; };
		DBB8E22D176C396000079FDF /* water.png */ = {isa = PBXFileReference; lastKnownFileType = image.png; path = water.png; sourceTree = "<group>"; };
		DBB8E22E176C396000079FDF /* water@2x.png */ = {isa = PBXFileReference; lastKnownFileType = image.png; path = "water@2x.png"; sourceTree = "<group>"; };
		DBB8E22F176C396000079FDF /* scale.png */ = {isa = PBXFileReference; lastKnownFileType = image.png; path = scale.png; sourceTree = "<group>"; };
		DBB8E230176C396000079FDF /* scale@2x.png */ = {isa = PBXFileReference; lastKnownFileType = image.png; path = "scale@2x.png"; sourceTree = "<group>"; };
		DBB8E237176C4F7F00079FDF /* Icon-57.png */ = {isa = PBXFileReference; lastKnownFileType = image.png; path = "Icon-57.png"; sourceTree = "<group>"; };
		DBB8E239176C4F8400079FDF /* Icon-57@2x.png */ = {isa = PBXFileReference; lastKnownFileType = image.png; path = "Icon-57@2x.png"; sourceTree = "<group>"; };
		DBB8E23D176C513D00079FDF /* calendar.png */ = {isa = PBXFileReference; lastKnownFileType = image.png; path = calendar.png; sourceTree = "<group>"; };
		DBB8E23E176C513D00079FDF /* calendar@2x.png */ = {isa = PBXFileReference; lastKnownFileType = image.png; path = "calendar@2x.png"; sourceTree = "<group>"; };
		DBC8399F176D1B7800904DDE /* FFAPIClient.h */ = {isa = PBXFileReference; fileEncoding = 4; lastKnownFileType = sourcecode.c.h; path = FFAPIClient.h; sourceTree = "<group>"; };
		DBC839A0176D1B7800904DDE /* FFAPIClient.m */ = {isa = PBXFileReference; fileEncoding = 4; lastKnownFileType = sourcecode.c.objc; path = FFAPIClient.m; sourceTree = "<group>"; };
/* End PBXFileReference section */

/* Begin PBXFrameworksBuildPhase section */
		DBB8E1DE176C200600079FDF /* Frameworks */ = {
			isa = PBXFrameworksBuildPhase;
			buildActionMask = 2147483647;
			files = (
				DB5C0FCE176E42F700ED3D29 /* QuartzCore.framework in Frameworks */,
				DBB8E1E5176C200700079FDF /* UIKit.framework in Frameworks */,
				DBB8E1E7176C200700079FDF /* Foundation.framework in Frameworks */,
				DBB8E1E9176C200700079FDF /* CoreGraphics.framework in Frameworks */,
				631A94248F324FED98677F08 /* libPods.a in Frameworks */,
			);
			runOnlyForDeploymentPostprocessing = 0;
		};
		DBB8E1FD176C200700079FDF /* Frameworks */ = {
			isa = PBXFrameworksBuildPhase;
			buildActionMask = 2147483647;
			files = (
				DBB8E203176C200700079FDF /* SenTestingKit.framework in Frameworks */,
				DBB8E204176C200700079FDF /* UIKit.framework in Frameworks */,
				DBB8E205176C200700079FDF /* Foundation.framework in Frameworks */,
			);
			runOnlyForDeploymentPostprocessing = 0;
		};
/* End PBXFrameworksBuildPhase section */

/* Begin PBXGroup section */
		DBB8E1D8176C200600079FDF = {
			isa = PBXGroup;
			children = (
				DBB8E1EA176C200700079FDF /* FitFriends */,
				DBB8E208176C200700079FDF /* FitFriendsTests */,
				DBB8E1E3176C200600079FDF /* Frameworks */,
				DBB8E1E2176C200600079FDF /* Products */,
				6330A313889F4815BFF243A1 /* Pods.xcconfig */,
			);
			sourceTree = "<group>";
		};
		DBB8E1E2176C200600079FDF /* Products */ = {
			isa = PBXGroup;
			children = (
				DBB8E1E1176C200600079FDF /* FitFriends.app */,
				DBB8E201176C200700079FDF /* FitFriendsTests.octest */,
			);
			name = Products;
			sourceTree = "<group>";
		};
		DBB8E1E3176C200600079FDF /* Frameworks */ = {
			isa = PBXGroup;
			children = (
				DB5C0FCD176E42F700ED3D29 /* QuartzCore.framework */,
				DBB8E1E4176C200700079FDF /* UIKit.framework */,
				DBB8E1E6176C200700079FDF /* Foundation.framework */,
				DBB8E1E8176C200700079FDF /* CoreGraphics.framework */,
				DBB8E202176C200700079FDF /* SenTestingKit.framework */,
				AB0D3F5F09B04D82933709A2 /* libPods.a */,
			);
			name = Frameworks;
			sourceTree = "<group>";
		};
		DBB8E1EA176C200700079FDF /* FitFriends */ = {
			isa = PBXGroup;
			children = (
				DBB8E21C176C269400079FDF /* App */,
				DBB8E229176C396000079FDF /* Resources */,
				DBB8E1F3176C200700079FDF /* FFAppDelegate.h */,
				DBB8E1F4176C200700079FDF /* FFAppDelegate.m */,
				DBB8E1EB176C200700079FDF /* Supporting Files */,
			);
			path = FitFriends;
			sourceTree = "<group>";
		};
		DBB8E1EB176C200700079FDF /* Supporting Files */ = {
			isa = PBXGroup;
			children = (
				DBB8E1EC176C200700079FDF /* FitFriends-Info.plist */,
				DBB8E1ED176C200700079FDF /* InfoPlist.strings */,
				DBB8E1F0176C200700079FDF /* main.m */,
				DBB8E1F2176C200700079FDF /* FitFriends-Prefix.pch */,
				DBB8E237176C4F7F00079FDF /* Icon-57.png */,
				DBB8E239176C4F8400079FDF /* Icon-57@2x.png */,
				DBB8E1F6176C200700079FDF /* Default.png */,
				DBB8E1F8176C200700079FDF /* Default@2x.png */,
				DBB8E1FA176C200700079FDF /* Default-568h@2x.png */,
			);
			name = "Supporting Files";
			sourceTree = "<group>";
		};
		DBB8E208176C200700079FDF /* FitFriendsTests */ = {
			isa = PBXGroup;
			children = (
				DBB8E20E176C200700079FDF /* FitFriendsTests.h */,
				DBB8E20F176C200700079FDF /* FitFriendsTests.m */,
				DBB8E209176C200700079FDF /* Supporting Files */,
			);
			path = FitFriendsTests;
			sourceTree = "<group>";
		};
		DBB8E209176C200700079FDF /* Supporting Files */ = {
			isa = PBXGroup;
			children = (
				DBB8E20A176C200700079FDF /* FitFriendsTests-Info.plist */,
				DBB8E20B176C200700079FDF /* InfoPlist.strings */,
			);
			name = "Supporting Files";
			sourceTree = "<group>";
		};
		DBB8E21C176C269400079FDF /* App */ = {
			isa = PBXGroup;
			children = (
				DBB8E21D176C269400079FDF /* Controllers */,
				DBB8E21E176C269400079FDF /* Models */,
				DBB8E21F176C269400079FDF /* Views */,
			);
			path = App;
			sourceTree = "<group>";
		};
		DBB8E21D176C269400079FDF /* Controllers */ = {
			isa = PBXGroup;
			children = (
				DBB8E220176C271300079FDF /* FFLeaderboardViewController.h */,
				DBB8E221176C271300079FDF /* FFLeaderboardViewController.m */,
				DB5C0FC7176D2E8600ED3D29 /* FFUserDetailViewController.h */,
				DB5C0FC8176D2E8600ED3D29 /* FFUserDetailViewController.m */,
				DB5C0FCA176E2DAE00ED3D29 /* FFNewLogViewController.h */,
				DB5C0FCB176E2DAE00ED3D29 /* FFNewLogViewController.m */,
			);
			path = Controllers;
			sourceTree = "<group>";
		};
		DBB8E21E176C269400079FDF /* Models */ = {
			isa = PBXGroup;
			children = (
				DBC8399F176D1B7800904DDE /* FFAPIClient.h */,
				DBC839A0176D1B7800904DDE /* FFAPIClient.m */,
				DB5C0FC1176D1E8000ED3D29 /* FFUser.h */,
				DB5C0FC2176D1E8000ED3D29 /* FFUser.m */,
				DB5C0FC4176D224800ED3D29 /* FFNSDecimalNumberValueTransformer.h */,
				DB5C0FC5176D224800ED3D29 /* FFNSDecimalNumberValueTransformer.m */,
			);
			path = Models;
			sourceTree = "<group>";
		};
		DBB8E21F176C269400079FDF /* Views */ = {
			isa = PBXGroup;
			children = (
				DBB8E223176C28F500079FDF /* FFUserStatsCell.h */,
				DBB8E224176C28F500079FDF /* FFUserStatsCell.m */,
				DB5C0FCF176E43D600ED3D29 /* FFFormFieldView.h */,
				DB5C0FD0176E43D600ED3D29 /* FFFormFieldView.m */,
				DB5C0FD2176E65A400ED3D29 /* FFFormView.h */,
				DB5C0FD3176E65A400ED3D29 /* FFFormView.m */,
			);
			path = Views;
			sourceTree = "<group>";
		};
		DBB8E229176C396000079FDF /* Resources */ = {
			isa = PBXGroup;
			children = (
				DBB8E22A176C396000079FDF /* Icons */,
			);
			path = Resources;
			sourceTree = "<group>";
		};
		DBB8E22A176C396000079FDF /* Icons */ = {
			isa = PBXGroup;
			children = (
				DBB8E23D176C513D00079FDF /* calendar.png */,
				DBB8E23E176C513D00079FDF /* calendar@2x.png */,
				DBB8E22B176C396000079FDF /* bread.png */,
				DBB8E22C176C396000079FDF /* bread@2x.png */,
				DBB8E22D176C396000079FDF /* water.png */,
				DBB8E22E176C396000079FDF /* water@2x.png */,
				DBB8E22F176C396000079FDF /* scale.png */,
				DBB8E230176C396000079FDF /* scale@2x.png */,
			);
			path = Icons;
			sourceTree = "<group>";
		};
/* End PBXGroup section */

/* Begin PBXNativeTarget section */
		DBB8E1E0176C200600079FDF /* FitFriends */ = {
			isa = PBXNativeTarget;
			buildConfigurationList = DBB8E213176C200700079FDF /* Build configuration list for PBXNativeTarget "FitFriends" */;
			buildPhases = (
				930237A76AC845349F8FE5CF /* Check Pods Manifest.lock */,
				DBB8E1DD176C200600079FDF /* Sources */,
				DBB8E1DE176C200600079FDF /* Frameworks */,
				DBB8E1DF176C200600079FDF /* Resources */,
				EBBE5AC1359440D1A548F152 /* Copy Pods Resources */,
			);
			buildRules = (
			);
			dependencies = (
			);
			name = FitFriends;
			productName = FitFriends;
			productReference = DBB8E1E1176C200600079FDF /* FitFriends.app */;
			productType = "com.apple.product-type.application";
		};
		DBB8E200176C200700079FDF /* FitFriendsTests */ = {
			isa = PBXNativeTarget;
			buildConfigurationList = DBB8E216176C200700079FDF /* Build configuration list for PBXNativeTarget "FitFriendsTests" */;
			buildPhases = (
				DBB8E1FC176C200700079FDF /* Sources */,
				DBB8E1FD176C200700079FDF /* Frameworks */,
				DBB8E1FE176C200700079FDF /* Resources */,
				DBB8E1FF176C200700079FDF /* ShellScript */,
			);
			buildRules = (
			);
			dependencies = (
				DBB8E207176C200700079FDF /* PBXTargetDependency */,
			);
			name = FitFriendsTests;
			productName = FitFriendsTests;
			productReference = DBB8E201176C200700079FDF /* FitFriendsTests.octest */;
			productType = "com.apple.product-type.bundle";
		};
/* End PBXNativeTarget section */

/* Begin PBXProject section */
		DBB8E1D9176C200600079FDF /* Project object */ = {
			isa = PBXProject;
			attributes = {
				CLASSPREFIX = FF;
				LastUpgradeCheck = 0460;
				ORGANIZATIONNAME = cleverCode;
			};
			buildConfigurationList = DBB8E1DC176C200600079FDF /* Build configuration list for PBXProject "FitFriends" */;
			compatibilityVersion = "Xcode 3.2";
			developmentRegion = English;
			hasScannedForEncodings = 0;
			knownRegions = (
				en,
			);
			mainGroup = DBB8E1D8176C200600079FDF;
			productRefGroup = DBB8E1E2176C200600079FDF /* Products */;
			projectDirPath = "";
			projectRoot = "";
			targets = (
				DBB8E1E0176C200600079FDF /* FitFriends */,
				DBB8E200176C200700079FDF /* FitFriendsTests */,
			);
		};
/* End PBXProject section */

/* Begin PBXResourcesBuildPhase section */
		DBB8E1DF176C200600079FDF /* Resources */ = {
			isa = PBXResourcesBuildPhase;
			buildActionMask = 2147483647;
			files = (
				DBB8E1EF176C200700079FDF /* InfoPlist.strings in Resources */,
				DBB8E1F7176C200700079FDF /* Default.png in Resources */,
				DBB8E1F9176C200700079FDF /* Default@2x.png in Resources */,
				DBB8E1FB176C200700079FDF /* Default-568h@2x.png in Resources */,
				DBB8E231176C396000079FDF /* bread.png in Resources */,
				DBB8E232176C396000079FDF /* bread@2x.png in Resources */,
				DBB8E233176C396000079FDF /* water.png in Resources */,
				DBB8E234176C396000079FDF /* water@2x.png in Resources */,
				DBB8E235176C396000079FDF /* scale.png in Resources */,
				DBB8E236176C396000079FDF /* scale@2x.png in Resources */,
				DBB8E238176C4F7F00079FDF /* Icon-57.png in Resources */,
				DBB8E23A176C4F8400079FDF /* Icon-57@2x.png in Resources */,
				DBB8E23F176C513D00079FDF /* calendar.png in Resources */,
				DBB8E240176C513D00079FDF /* calendar@2x.png in Resources */,
			);
			runOnlyForDeploymentPostprocessing = 0;
		};
		DBB8E1FE176C200700079FDF /* Resources */ = {
			isa = PBXResourcesBuildPhase;
			buildActionMask = 2147483647;
			files = (
				DBB8E20D176C200700079FDF /* InfoPlist.strings in Resources */,
			);
			runOnlyForDeploymentPostprocessing = 0;
		};
/* End PBXResourcesBuildPhase section */

/* Begin PBXShellScriptBuildPhase section */
		930237A76AC845349F8FE5CF /* Check Pods Manifest.lock */ = {
			isa = PBXShellScriptBuildPhase;
			buildActionMask = 2147483647;
			files = (
			);
			inputPaths = (
			);
			name = "Check Pods Manifest.lock";
			outputPaths = (
			);
			runOnlyForDeploymentPostprocessing = 0;
			shellPath = /bin/sh;
			shellScript = "diff \"${PODS_ROOT}/../Podfile.lock\" \"${PODS_ROOT}/Manifest.lock\" > /dev/null\nif [[ $? != 0 ]] ; then\n    cat << EOM\nerror: The sandbox is not in sync with the Podfile.lock. Run 'pod install' or update your CocoaPods installation.\nEOM\n    exit 1\nfi\n";
		};
		DBB8E1FF176C200700079FDF /* ShellScript */ = {
			isa = PBXShellScriptBuildPhase;
			buildActionMask = 2147483647;
			files = (
			);
			inputPaths = (
			);
			outputPaths = (
			);
			runOnlyForDeploymentPostprocessing = 0;
			shellPath = /bin/sh;
			shellScript = "# Run the unit tests in this test bundle.\n\"${SYSTEM_DEVELOPER_DIR}/Tools/RunUnitTests\"\n";
		};
		EBBE5AC1359440D1A548F152 /* Copy Pods Resources */ = {
			isa = PBXShellScriptBuildPhase;
			buildActionMask = 2147483647;
			files = (
			);
			inputPaths = (
			);
			name = "Copy Pods Resources";
			outputPaths = (
			);
			runOnlyForDeploymentPostprocessing = 0;
			shellPath = /bin/sh;
			shellScript = "\"${SRCROOT}/Pods/Pods-resources.sh\"\n";
		};
/* End PBXShellScriptBuildPhase section */

/* Begin PBXSourcesBuildPhase section */
		DBB8E1DD176C200600079FDF /* Sources */ = {
			isa = PBXSourcesBuildPhase;
			buildActionMask = 2147483647;
			files = (
				DBB8E1F1176C200700079FDF /* main.m in Sources */,
				DBB8E1F5176C200700079FDF /* FFAppDelegate.m in Sources */,
				DBB8E222176C271300079FDF /* FFLeaderboardViewController.m in Sources */,
				DBB8E225176C28F500079FDF /* FFUserStatsCell.m in Sources */,
				DBC839A1176D1B7800904DDE /* FFAPIClient.m in Sources */,
				DB5C0FC3176D1E8000ED3D29 /* FFUser.m in Sources */,
				DB5C0FC6176D224800ED3D29 /* FFNSDecimalNumberValueTransformer.m in Sources */,
				DB5C0FC9176D2E8600ED3D29 /* FFUserDetailViewController.m in Sources */,
				DB5C0FCC176E2DAE00ED3D29 /* FFNewLogViewController.m in Sources */,
				DB5C0FD1176E43D600ED3D29 /* FFFormFieldView.m in Sources */,
				DB5C0FD4176E65A400ED3D29 /* FFFormView.m in Sources */,
			);
			runOnlyForDeploymentPostprocessing = 0;
		};
		DBB8E1FC176C200700079FDF /* Sources */ = {
			isa = PBXSourcesBuildPhase;
			buildActionMask = 2147483647;
			files = (
				DBB8E210176C200700079FDF /* FitFriendsTests.m in Sources */,
			);
			runOnlyForDeploymentPostprocessing = 0;
		};
/* End PBXSourcesBuildPhase section */

/* Begin PBXTargetDependency section */
		DBB8E207176C200700079FDF /* PBXTargetDependency */ = {
			isa = PBXTargetDependency;
			target = DBB8E1E0176C200600079FDF /* FitFriends */;
			targetProxy = DBB8E206176C200700079FDF /* PBXContainerItemProxy */;
		};
/* End PBXTargetDependency section */

/* Begin PBXVariantGroup section */
		DBB8E1ED176C200700079FDF /* InfoPlist.strings */ = {
			isa = PBXVariantGroup;
			children = (
				DBB8E1EE176C200700079FDF /* en */,
			);
			name = InfoPlist.strings;
			sourceTree = "<group>";
		};
		DBB8E20B176C200700079FDF /* InfoPlist.strings */ = {
			isa = PBXVariantGroup;
			children = (
				DBB8E20C176C200700079FDF /* en */,
			);
			name = InfoPlist.strings;
			sourceTree = "<group>";
		};
/* End PBXVariantGroup section */

/* Begin XCBuildConfiguration section */
		DBB8E211176C200700079FDF /* Debug */ = {
			isa = XCBuildConfiguration;
			buildSettings = {
				ALWAYS_SEARCH_USER_PATHS = NO;
				CLANG_CXX_LANGUAGE_STANDARD = "gnu++0x";
				CLANG_CXX_LIBRARY = "libc++";
				CLANG_ENABLE_OBJC_ARC = YES;
				CLANG_WARN_CONSTANT_CONVERSION = YES;
				CLANG_WARN_EMPTY_BODY = YES;
				CLANG_WARN_ENUM_CONVERSION = YES;
				CLANG_WARN_INT_CONVERSION = YES;
				CLANG_WARN__DUPLICATE_METHOD_MATCH = YES;
				"CODE_SIGN_IDENTITY[sdk=iphoneos*]" = "iPhone Developer";
				COPY_PHASE_STRIP = NO;
				GCC_C_LANGUAGE_STANDARD = gnu99;
				GCC_DYNAMIC_NO_PIC = NO;
				GCC_OPTIMIZATION_LEVEL = 0;
				GCC_PREPROCESSOR_DEFINITIONS = (
					"DEBUG=1",
					"$(inherited)",
				);
				GCC_SYMBOLS_PRIVATE_EXTERN = NO;
				GCC_WARN_ABOUT_RETURN_TYPE = YES;
				GCC_WARN_UNINITIALIZED_AUTOS = YES;
				GCC_WARN_UNUSED_VARIABLE = YES;
				IPHONEOS_DEPLOYMENT_TARGET = 6.1;
				ONLY_ACTIVE_ARCH = YES;
				SDKROOT = iphoneos;
				TARGETED_DEVICE_FAMILY = "1,2";
			};
			name = Debug;
		};
		DBB8E212176C200700079FDF /* Release */ = {
			isa = XCBuildConfiguration;
			buildSettings = {
				ALWAYS_SEARCH_USER_PATHS = NO;
				CLANG_CXX_LANGUAGE_STANDARD = "gnu++0x";
				CLANG_CXX_LIBRARY = "libc++";
				CLANG_ENABLE_OBJC_ARC = YES;
				CLANG_WARN_CONSTANT_CONVERSION = YES;
				CLANG_WARN_EMPTY_BODY = YES;
				CLANG_WARN_ENUM_CONVERSION = YES;
				CLANG_WARN_INT_CONVERSION = YES;
				CLANG_WARN__DUPLICATE_METHOD_MATCH = YES;
				"CODE_SIGN_IDENTITY[sdk=iphoneos*]" = "iPhone Developer";
				COPY_PHASE_STRIP = YES;
				GCC_C_LANGUAGE_STANDARD = gnu99;
				GCC_WARN_ABOUT_RETURN_TYPE = YES;
				GCC_WARN_UNINITIALIZED_AUTOS = YES;
				GCC_WARN_UNUSED_VARIABLE = YES;
				IPHONEOS_DEPLOYMENT_TARGET = 6.1;
				OTHER_CFLAGS = "-DNS_BLOCK_ASSERTIONS=1";
				SDKROOT = iphoneos;
				TARGETED_DEVICE_FAMILY = "1,2";
				VALIDATE_PRODUCT = YES;
			};
			name = Release;
		};
		DBB8E214176C200700079FDF /* Debug */ = {
			isa = XCBuildConfiguration;
			baseConfigurationReference = 6330A313889F4815BFF243A1 /* Pods.xcconfig */;
			buildSettings = {
				GCC_PRECOMPILE_PREFIX_HEADER = YES;
				GCC_PREFIX_HEADER = "FitFriends/FitFriends-Prefix.pch";
				INFOPLIST_FILE = "FitFriends/FitFriends-Info.plist";
				PRODUCT_NAME = "$(TARGET_NAME)";
				WRAPPER_EXTENSION = app;
			};
			name = Debug;
		};
		DBB8E215176C200700079FDF /* Release */ = {
			isa = XCBuildConfiguration;
			baseConfigurationReference = 6330A313889F4815BFF243A1 /* Pods.xcconfig */;
			buildSettings = {
				GCC_PRECOMPILE_PREFIX_HEADER = YES;
				GCC_PREFIX_HEADER = "FitFriends/FitFriends-Prefix.pch";
				INFOPLIST_FILE = "FitFriends/FitFriends-Info.plist";
				PRODUCT_NAME = "$(TARGET_NAME)";
				WRAPPER_EXTENSION = app;
			};
			name = Release;
		};
		DBB8E217176C200700079FDF /* Debug */ = {
			isa = XCBuildConfiguration;
			buildSettings = {
				BUNDLE_LOADER = "$(BUILT_PRODUCTS_DIR)/FitFriends.app/FitFriends";
				FRAMEWORK_SEARCH_PATHS = (
					"\"$(SDKROOT)/Developer/Library/Frameworks\"",
					"\"$(DEVELOPER_LIBRARY_DIR)/Frameworks\"",
				);
				GCC_PRECOMPILE_PREFIX_HEADER = YES;
				GCC_PREFIX_HEADER = "FitFriends/FitFriends-Prefix.pch";
				INFOPLIST_FILE = "FitFriendsTests/FitFriendsTests-Info.plist";
				PRODUCT_NAME = "$(TARGET_NAME)";
				TEST_HOST = "$(BUNDLE_LOADER)";
				WRAPPER_EXTENSION = octest;
			};
			name = Debug;
		};
		DBB8E218176C200700079FDF /* Release */ = {
			isa = XCBuildConfiguration;
			buildSettings = {
				BUNDLE_LOADER = "$(BUILT_PRODUCTS_DIR)/FitFriends.app/FitFriends";
				FRAMEWORK_SEARCH_PATHS = (
					"\"$(SDKROOT)/Developer/Library/Frameworks\"",
					"\"$(DEVELOPER_LIBRARY_DIR)/Frameworks\"",
				);
				GCC_PRECOMPILE_PREFIX_HEADER = YES;
				GCC_PREFIX_HEADER = "FitFriends/FitFriends-Prefix.pch";
				INFOPLIST_FILE = "FitFriendsTests/FitFriendsTests-Info.plist";
				PRODUCT_NAME = "$(TARGET_NAME)";
				TEST_HOST = "$(BUNDLE_LOADER)";
				WRAPPER_EXTENSION = octest;
			};
			name = Release;
		};
/* End XCBuildConfiguration section */

/* Begin XCConfigurationList section */
		DBB8E1DC176C200600079FDF /* Build configuration list for PBXProject "FitFriends" */ = {
			isa = XCConfigurationList;
			buildConfigurations = (
				DBB8E211176C200700079FDF /* Debug */,
				DBB8E212176C200700079FDF /* Release */,
			);
			defaultConfigurationIsVisible = 0;
			defaultConfigurationName = Release;
		};
		DBB8E213176C200700079FDF /* Build configuration list for PBXNativeTarget "FitFriends" */ = {
			isa = XCConfigurationList;
			buildConfigurations = (
				DBB8E214176C200700079FDF /* Debug */,
				DBB8E215176C200700079FDF /* Release */,
			);
			defaultConfigurationIsVisible = 0;
			defaultConfigurationName = Release;
		};
		DBB8E216176C200700079FDF /* Build configuration list for PBXNativeTarget "FitFriendsTests" */ = {
			isa = XCConfigurationList;
			buildConfigurations = (
				DBB8E217176C200700079FDF /* Debug */,
				DBB8E218176C200700079FDF /* Release */,
			);
			defaultConfigurationIsVisible = 0;
			defaultConfigurationName = Release;
		};
/* End XCConfigurationList section */
	};
	rootObject = DBB8E1D9176C200600079FDF /* Project object */;
}
