<?xml version="1.0" encoding="UTF-8"?>
<!DOCTYPE plist PUBLIC "-//Apple//DTD PLIST 1.0//EN" "http://www.apple.com/DTDs/PropertyList-1.0.dtd">
<plist version="1.0">
<dict>
	<key>archiveVersion</key>
	<string>1</string>
	<key>classes</key>
	<dict/>
	<key>objectVersion</key>
	<string>46</string>
	<key>objects</key>
	<dict>
		<key>631A94248F324FED98677F08</key>
		<dict>
			<key>fileRef</key>
			<string>AB0D3F5F09B04D82933709A2</string>
			<key>isa</key>
			<string>PBXBuildFile</string>
			<key>settings</key>
			<dict/>
		</dict>
		<key>6330A313889F4815BFF243A1</key>
		<dict>
			<key>includeInIndex</key>
			<string>1</string>
			<key>isa</key>
			<string>PBXFileReference</string>
			<key>lastKnownFileType</key>
			<string>text.xcconfig</string>
			<key>name</key>
			<string>Pods.xcconfig</string>
			<key>path</key>
			<string>Pods/Pods.xcconfig</string>
			<key>sourceTree</key>
			<string>SOURCE_ROOT</string>
		</dict>
		<key>930237A76AC845349F8FE5CF</key>
		<dict>
			<key>buildActionMask</key>
			<string>2147483647</string>
			<key>files</key>
			<array/>
			<key>inputPaths</key>
			<array/>
			<key>isa</key>
			<string>PBXShellScriptBuildPhase</string>
			<key>name</key>
			<string>Check Pods Manifest.lock</string>
			<key>outputPaths</key>
			<array/>
			<key>runOnlyForDeploymentPostprocessing</key>
			<string>0</string>
			<key>shellPath</key>
			<string>/bin/sh</string>
			<key>shellScript</key>
			<string>diff "${PODS_ROOT}/../Podfile.lock" "${PODS_ROOT}/Manifest.lock" &gt; /dev/null
if [[ $? != 0 ]] ; then
    cat &lt;&lt; EOM
error: The sandbox is not in sync with the Podfile.lock. Run 'pod install' or update your CocoaPods installation.
EOM
    exit 1
fi
</string>
			<key>showEnvVarsInLog</key>
			<string>1</string>
		</dict>
		<key>AB0D3F5F09B04D82933709A2</key>
		<dict>
			<key>explicitFileType</key>
			<string>archive.ar</string>
			<key>includeInIndex</key>
			<string>0</string>
			<key>isa</key>
			<string>PBXFileReference</string>
			<key>name</key>
			<string>libPods.a</string>
			<key>path</key>
			<string>libPods.a</string>
			<key>sourceTree</key>
			<string>BUILT_PRODUCTS_DIR</string>
		</dict>
		<key>DBB8E1D8176C200600079FDF</key>
		<dict>
			<key>children</key>
			<array>
				<string>DBB8E1EA176C200700079FDF</string>
				<string>DBB8E208176C200700079FDF</string>
				<string>DBB8E1E3176C200600079FDF</string>
				<string>DBB8E1E2176C200600079FDF</string>
				<string>6330A313889F4815BFF243A1</string>
			</array>
			<key>isa</key>
			<string>PBXGroup</string>
			<key>sourceTree</key>
			<string>&lt;group&gt;</string>
		</dict>
		<key>DBB8E1D9176C200600079FDF</key>
		<dict>
			<key>attributes</key>
			<dict>
				<key>CLASSPREFIX</key>
				<string>FF</string>
				<key>LastUpgradeCheck</key>
				<string>0460</string>
				<key>ORGANIZATIONNAME</key>
				<string>cleverCode</string>
			</dict>
			<key>buildConfigurationList</key>
			<string>DBB8E1DC176C200600079FDF</string>
			<key>compatibilityVersion</key>
			<string>Xcode 3.2</string>
			<key>developmentRegion</key>
			<string>English</string>
			<key>hasScannedForEncodings</key>
			<string>0</string>
			<key>isa</key>
			<string>PBXProject</string>
			<key>knownRegions</key>
			<array>
				<string>en</string>
			</array>
			<key>mainGroup</key>
			<string>DBB8E1D8176C200600079FDF</string>
			<key>productRefGroup</key>
			<string>DBB8E1E2176C200600079FDF</string>
			<key>projectDirPath</key>
			<string></string>
			<key>projectReferences</key>
			<array/>
			<key>projectRoot</key>
			<string></string>
			<key>targets</key>
			<array>
				<string>DBB8E1E0176C200600079FDF</string>
				<string>DBB8E200176C200700079FDF</string>
			</array>
		</dict>
		<key>DBB8E1DC176C200600079FDF</key>
		<dict>
			<key>buildConfigurations</key>
			<array>
				<string>DBB8E211176C200700079FDF</string>
				<string>DBB8E212176C200700079FDF</string>
			</array>
			<key>defaultConfigurationIsVisible</key>
			<string>0</string>
			<key>defaultConfigurationName</key>
			<string>Release</string>
			<key>isa</key>
			<string>XCConfigurationList</string>
		</dict>
		<key>DBB8E1DD176C200600079FDF</key>
		<dict>
			<key>buildActionMask</key>
			<string>2147483647</string>
			<key>files</key>
			<array>
				<string>DBB8E1F1176C200700079FDF</string>
				<string>DBB8E1F5176C200700079FDF</string>
			</array>
			<key>isa</key>
			<string>PBXSourcesBuildPhase</string>
			<key>runOnlyForDeploymentPostprocessing</key>
			<string>0</string>
		</dict>
		<key>DBB8E1DE176C200600079FDF</key>
		<dict>
			<key>buildActionMask</key>
			<string>2147483647</string>
			<key>files</key>
			<array>
				<string>DBB8E1E5176C200700079FDF</string>
				<string>DBB8E1E7176C200700079FDF</string>
				<string>DBB8E1E9176C200700079FDF</string>
				<string>631A94248F324FED98677F08</string>
			</array>
			<key>isa</key>
			<string>PBXFrameworksBuildPhase</string>
			<key>runOnlyForDeploymentPostprocessing</key>
			<string>0</string>
		</dict>
		<key>DBB8E1DF176C200600079FDF</key>
		<dict>
			<key>buildActionMask</key>
			<string>2147483647</string>
			<key>files</key>
			<array>
				<string>DBB8E1EF176C200700079FDF</string>
				<string>DBB8E1F7176C200700079FDF</string>
				<string>DBB8E1F9176C200700079FDF</string>
				<string>DBB8E1FB176C200700079FDF</string>
			</array>
			<key>isa</key>
			<string>PBXResourcesBuildPhase</string>
			<key>runOnlyForDeploymentPostprocessing</key>
			<string>0</string>
		</dict>
		<key>DBB8E1E0176C200600079FDF</key>
		<dict>
			<key>buildConfigurationList</key>
			<string>DBB8E213176C200700079FDF</string>
			<key>buildPhases</key>
			<array>
				<string>930237A76AC845349F8FE5CF</string>
				<string>DBB8E1DD176C200600079FDF</string>
				<string>DBB8E1DE176C200600079FDF</string>
				<string>DBB8E1DF176C200600079FDF</string>
				<string>EBBE5AC1359440D1A548F152</string>
			</array>
			<key>buildRules</key>
			<array/>
			<key>dependencies</key>
			<array/>
			<key>isa</key>
			<string>PBXNativeTarget</string>
			<key>name</key>
			<string>FitFriends</string>
			<key>productName</key>
			<string>FitFriends</string>
			<key>productReference</key>
			<string>DBB8E1E1176C200600079FDF</string>
			<key>productType</key>
			<string>com.apple.product-type.application</string>
		</dict>
		<key>DBB8E1E1176C200600079FDF</key>
		<dict>
			<key>explicitFileType</key>
			<string>wrapper.application</string>
			<key>includeInIndex</key>
			<string>0</string>
			<key>isa</key>
			<string>PBXFileReference</string>
			<key>path</key>
			<string>FitFriends.app</string>
			<key>sourceTree</key>
			<string>BUILT_PRODUCTS_DIR</string>
		</dict>
		<key>DBB8E1E2176C200600079FDF</key>
		<dict>
			<key>children</key>
			<array>
				<string>DBB8E1E1176C200600079FDF</string>
				<string>DBB8E201176C200700079FDF</string>
			</array>
			<key>isa</key>
			<string>PBXGroup</string>
			<key>name</key>
			<string>Products</string>
			<key>sourceTree</key>
			<string>&lt;group&gt;</string>
		</dict>
		<key>DBB8E1E3176C200600079FDF</key>
		<dict>
			<key>children</key>
			<array>
				<string>DBB8E1E4176C200700079FDF</string>
				<string>DBB8E1E6176C200700079FDF</string>
				<string>DBB8E1E8176C200700079FDF</string>
				<string>DBB8E202176C200700079FDF</string>
				<string>AB0D3F5F09B04D82933709A2</string>
			</array>
			<key>isa</key>
			<string>PBXGroup</string>
			<key>name</key>
			<string>Frameworks</string>
			<key>sourceTree</key>
			<string>&lt;group&gt;</string>
		</dict>
		<key>DBB8E1E4176C200700079FDF</key>
		<dict>
			<key>isa</key>
			<string>PBXFileReference</string>
			<key>lastKnownFileType</key>
			<string>wrapper.framework</string>
			<key>name</key>
			<string>UIKit.framework</string>
			<key>path</key>
			<string>System/Library/Frameworks/UIKit.framework</string>
			<key>sourceTree</key>
			<string>SDKROOT</string>
		</dict>
		<key>DBB8E1E5176C200700079FDF</key>
		<dict>
			<key>fileRef</key>
			<string>DBB8E1E4176C200700079FDF</string>
			<key>isa</key>
			<string>PBXBuildFile</string>
		</dict>
		<key>DBB8E1E6176C200700079FDF</key>
		<dict>
			<key>isa</key>
			<string>PBXFileReference</string>
			<key>lastKnownFileType</key>
			<string>wrapper.framework</string>
			<key>name</key>
			<string>Foundation.framework</string>
			<key>path</key>
			<string>System/Library/Frameworks/Foundation.framework</string>
			<key>sourceTree</key>
			<string>SDKROOT</string>
		</dict>
		<key>DBB8E1E7176C200700079FDF</key>
		<dict>
			<key>fileRef</key>
			<string>DBB8E1E6176C200700079FDF</string>
			<key>isa</key>
			<string>PBXBuildFile</string>
		</dict>
		<key>DBB8E1E8176C200700079FDF</key>
		<dict>
			<key>isa</key>
			<string>PBXFileReference</string>
			<key>lastKnownFileType</key>
			<string>wrapper.framework</string>
			<key>name</key>
			<string>CoreGraphics.framework</string>
			<key>path</key>
			<string>System/Library/Frameworks/CoreGraphics.framework</string>
			<key>sourceTree</key>
			<string>SDKROOT</string>
		</dict>
		<key>DBB8E1E9176C200700079FDF</key>
		<dict>
			<key>fileRef</key>
			<string>DBB8E1E8176C200700079FDF</string>
			<key>isa</key>
			<string>PBXBuildFile</string>
		</dict>
		<key>DBB8E1EA176C200700079FDF</key>
		<dict>
			<key>children</key>
			<array>
				<string>DBB8E1F3176C200700079FDF</string>
				<string>DBB8E1F4176C200700079FDF</string>
				<string>DBB8E1EB176C200700079FDF</string>
			</array>
			<key>isa</key>
			<string>PBXGroup</string>
			<key>path</key>
			<string>FitFriends</string>
			<key>sourceTree</key>
			<string>&lt;group&gt;</string>
		</dict>
		<key>DBB8E1EB176C200700079FDF</key>
		<dict>
			<key>children</key>
			<array>
				<string>DBB8E1EC176C200700079FDF</string>
				<string>DBB8E1ED176C200700079FDF</string>
				<string>DBB8E1F0176C200700079FDF</string>
				<string>DBB8E1F2176C200700079FDF</string>
				<string>DBB8E1F6176C200700079FDF</string>
				<string>DBB8E1F8176C200700079FDF</string>
				<string>DBB8E1FA176C200700079FDF</string>
			</array>
			<key>isa</key>
			<string>PBXGroup</string>
			<key>name</key>
			<string>Supporting Files</string>
			<key>sourceTree</key>
			<string>&lt;group&gt;</string>
		</dict>
		<key>DBB8E1EC176C200700079FDF</key>
		<dict>
			<key>isa</key>
			<string>PBXFileReference</string>
			<key>lastKnownFileType</key>
			<string>text.plist.xml</string>
			<key>path</key>
			<string>FitFriends-Info.plist</string>
			<key>sourceTree</key>
			<string>&lt;group&gt;</string>
		</dict>
		<key>DBB8E1ED176C200700079FDF</key>
		<dict>
			<key>children</key>
			<array>
				<string>DBB8E1EE176C200700079FDF</string>
			</array>
			<key>isa</key>
			<string>PBXVariantGroup</string>
			<key>name</key>
			<string>InfoPlist.strings</string>
			<key>sourceTree</key>
			<string>&lt;group&gt;</string>
		</dict>
		<key>DBB8E1EE176C200700079FDF</key>
		<dict>
			<key>isa</key>
			<string>PBXFileReference</string>
			<key>lastKnownFileType</key>
			<string>text.plist.strings</string>
			<key>name</key>
			<string>en</string>
			<key>path</key>
			<string>en.lproj/InfoPlist.strings</string>
			<key>sourceTree</key>
			<string>&lt;group&gt;</string>
		</dict>
		<key>DBB8E1EF176C200700079FDF</key>
		<dict>
			<key>fileRef</key>
			<string>DBB8E1ED176C200700079FDF</string>
			<key>isa</key>
			<string>PBXBuildFile</string>
		</dict>
		<key>DBB8E1F0176C200700079FDF</key>
		<dict>
			<key>isa</key>
			<string>PBXFileReference</string>
			<key>lastKnownFileType</key>
			<string>sourcecode.c.objc</string>
			<key>path</key>
			<string>main.m</string>
			<key>sourceTree</key>
			<string>&lt;group&gt;</string>
		</dict>
		<key>DBB8E1F1176C200700079FDF</key>
		<dict>
			<key>fileRef</key>
			<string>DBB8E1F0176C200700079FDF</string>
			<key>isa</key>
			<string>PBXBuildFile</string>
		</dict>
		<key>DBB8E1F2176C200700079FDF</key>
		<dict>
			<key>isa</key>
			<string>PBXFileReference</string>
			<key>lastKnownFileType</key>
			<string>sourcecode.c.h</string>
			<key>path</key>
			<string>FitFriends-Prefix.pch</string>
			<key>sourceTree</key>
			<string>&lt;group&gt;</string>
		</dict>
		<key>DBB8E1F3176C200700079FDF</key>
		<dict>
			<key>isa</key>
			<string>PBXFileReference</string>
			<key>lastKnownFileType</key>
			<string>sourcecode.c.h</string>
			<key>path</key>
			<string>FFAppDelegate.h</string>
			<key>sourceTree</key>
			<string>&lt;group&gt;</string>
		</dict>
		<key>DBB8E1F4176C200700079FDF</key>
		<dict>
			<key>isa</key>
			<string>PBXFileReference</string>
			<key>lastKnownFileType</key>
			<string>sourcecode.c.objc</string>
			<key>path</key>
			<string>FFAppDelegate.m</string>
			<key>sourceTree</key>
			<string>&lt;group&gt;</string>
		</dict>
		<key>DBB8E1F5176C200700079FDF</key>
		<dict>
			<key>fileRef</key>
			<string>DBB8E1F4176C200700079FDF</string>
			<key>isa</key>
			<string>PBXBuildFile</string>
		</dict>
		<key>DBB8E1F6176C200700079FDF</key>
		<dict>
			<key>isa</key>
			<string>PBXFileReference</string>
			<key>lastKnownFileType</key>
			<string>image.png</string>
			<key>path</key>
			<string>Default.png</string>
			<key>sourceTree</key>
			<string>&lt;group&gt;</string>
		</dict>
		<key>DBB8E1F7176C200700079FDF</key>
		<dict>
			<key>fileRef</key>
			<string>DBB8E1F6176C200700079FDF</string>
			<key>isa</key>
			<string>PBXBuildFile</string>
		</dict>
		<key>DBB8E1F8176C200700079FDF</key>
		<dict>
			<key>isa</key>
			<string>PBXFileReference</string>
			<key>lastKnownFileType</key>
			<string>image.png</string>
			<key>path</key>
			<string>Default@2x.png</string>
			<key>sourceTree</key>
			<string>&lt;group&gt;</string>
		</dict>
		<key>DBB8E1F9176C200700079FDF</key>
		<dict>
			<key>fileRef</key>
			<string>DBB8E1F8176C200700079FDF</string>
			<key>isa</key>
			<string>PBXBuildFile</string>
		</dict>
		<key>DBB8E1FA176C200700079FDF</key>
		<dict>
			<key>isa</key>
			<string>PBXFileReference</string>
			<key>lastKnownFileType</key>
			<string>image.png</string>
			<key>path</key>
			<string>Default-568h@2x.png</string>
			<key>sourceTree</key>
			<string>&lt;group&gt;</string>
		</dict>
		<key>DBB8E1FB176C200700079FDF</key>
		<dict>
			<key>fileRef</key>
			<string>DBB8E1FA176C200700079FDF</string>
			<key>isa</key>
			<string>PBXBuildFile</string>
		</dict>
		<key>DBB8E1FC176C200700079FDF</key>
		<dict>
			<key>buildActionMask</key>
			<string>2147483647</string>
			<key>files</key>
			<array>
				<string>DBB8E210176C200700079FDF</string>
			</array>
			<key>isa</key>
			<string>PBXSourcesBuildPhase</string>
			<key>runOnlyForDeploymentPostprocessing</key>
			<string>0</string>
		</dict>
		<key>DBB8E1FD176C200700079FDF</key>
		<dict>
			<key>buildActionMask</key>
			<string>2147483647</string>
			<key>files</key>
			<array>
				<string>DBB8E203176C200700079FDF</string>
				<string>DBB8E204176C200700079FDF</string>
				<string>DBB8E205176C200700079FDF</string>
			</array>
			<key>isa</key>
			<string>PBXFrameworksBuildPhase</string>
			<key>runOnlyForDeploymentPostprocessing</key>
			<string>0</string>
		</dict>
		<key>DBB8E1FE176C200700079FDF</key>
		<dict>
			<key>buildActionMask</key>
			<string>2147483647</string>
			<key>files</key>
			<array>
				<string>DBB8E20D176C200700079FDF</string>
			</array>
			<key>isa</key>
			<string>PBXResourcesBuildPhase</string>
			<key>runOnlyForDeploymentPostprocessing</key>
			<string>0</string>
		</dict>
		<key>DBB8E1FF176C200700079FDF</key>
		<dict>
			<key>buildActionMask</key>
			<string>2147483647</string>
			<key>files</key>
			<array/>
			<key>inputPaths</key>
			<array/>
			<key>isa</key>
			<string>PBXShellScriptBuildPhase</string>
			<key>outputPaths</key>
			<array/>
			<key>runOnlyForDeploymentPostprocessing</key>
			<string>0</string>
			<key>shellPath</key>
			<string>/bin/sh</string>
			<key>shellScript</key>
			<string># Run the unit tests in this test bundle.
"${SYSTEM_DEVELOPER_DIR}/Tools/RunUnitTests"
</string>
		</dict>
		<key>DBB8E200176C200700079FDF</key>
		<dict>
			<key>buildConfigurationList</key>
			<string>DBB8E216176C200700079FDF</string>
			<key>buildPhases</key>
			<array>
				<string>DBB8E1FC176C200700079FDF</string>
				<string>DBB8E1FD176C200700079FDF</string>
				<string>DBB8E1FE176C200700079FDF</string>
				<string>DBB8E1FF176C200700079FDF</string>
			</array>
			<key>buildRules</key>
			<array/>
			<key>dependencies</key>
			<array>
				<string>DBB8E207176C200700079FDF</string>
			</array>
			<key>isa</key>
			<string>PBXNativeTarget</string>
			<key>name</key>
			<string>FitFriendsTests</string>
			<key>productName</key>
			<string>FitFriendsTests</string>
			<key>productReference</key>
			<string>DBB8E201176C200700079FDF</string>
			<key>productType</key>
			<string>com.apple.product-type.bundle</string>
		</dict>
		<key>DBB8E201176C200700079FDF</key>
		<dict>
			<key>explicitFileType</key>
			<string>wrapper.cfbundle</string>
			<key>includeInIndex</key>
			<string>0</string>
			<key>isa</key>
			<string>PBXFileReference</string>
			<key>path</key>
			<string>FitFriendsTests.octest</string>
			<key>sourceTree</key>
			<string>BUILT_PRODUCTS_DIR</string>
		</dict>
		<key>DBB8E202176C200700079FDF</key>
		<dict>
			<key>isa</key>
			<string>PBXFileReference</string>
			<key>lastKnownFileType</key>
			<string>wrapper.framework</string>
			<key>name</key>
			<string>SenTestingKit.framework</string>
			<key>path</key>
			<string>Library/Frameworks/SenTestingKit.framework</string>
			<key>sourceTree</key>
			<string>DEVELOPER_DIR</string>
		</dict>
		<key>DBB8E203176C200700079FDF</key>
		<dict>
			<key>fileRef</key>
			<string>DBB8E202176C200700079FDF</string>
			<key>isa</key>
			<string>PBXBuildFile</string>
		</dict>
		<key>DBB8E204176C200700079FDF</key>
		<dict>
			<key>fileRef</key>
			<string>DBB8E1E4176C200700079FDF</string>
			<key>isa</key>
			<string>PBXBuildFile</string>
		</dict>
		<key>DBB8E205176C200700079FDF</key>
		<dict>
			<key>fileRef</key>
			<string>DBB8E1E6176C200700079FDF</string>
			<key>isa</key>
			<string>PBXBuildFile</string>
		</dict>
		<key>DBB8E206176C200700079FDF</key>
		<dict>
			<key>containerPortal</key>
			<string>DBB8E1D9176C200600079FDF</string>
			<key>isa</key>
			<string>PBXContainerItemProxy</string>
			<key>proxyType</key>
			<string>1</string>
			<key>remoteGlobalIDString</key>
			<string>DBB8E1E0176C200600079FDF</string>
			<key>remoteInfo</key>
			<string>FitFriends</string>
		</dict>
		<key>DBB8E207176C200700079FDF</key>
		<dict>
			<key>isa</key>
			<string>PBXTargetDependency</string>
			<key>target</key>
			<string>DBB8E1E0176C200600079FDF</string>
			<key>targetProxy</key>
			<string>DBB8E206176C200700079FDF</string>
		</dict>
		<key>DBB8E208176C200700079FDF</key>
		<dict>
			<key>children</key>
			<array>
				<string>DBB8E20E176C200700079FDF</string>
				<string>DBB8E20F176C200700079FDF</string>
				<string>DBB8E209176C200700079FDF</string>
			</array>
			<key>isa</key>
			<string>PBXGroup</string>
			<key>path</key>
			<string>FitFriendsTests</string>
			<key>sourceTree</key>
			<string>&lt;group&gt;</string>
		</dict>
		<key>DBB8E209176C200700079FDF</key>
		<dict>
			<key>children</key>
			<array>
				<string>DBB8E20A176C200700079FDF</string>
				<string>DBB8E20B176C200700079FDF</string>
			</array>
			<key>isa</key>
			<string>PBXGroup</string>
			<key>name</key>
			<string>Supporting Files</string>
			<key>sourceTree</key>
			<string>&lt;group&gt;</string>
		</dict>
		<key>DBB8E20A176C200700079FDF</key>
		<dict>
			<key>isa</key>
			<string>PBXFileReference</string>
			<key>lastKnownFileType</key>
			<string>text.plist.xml</string>
			<key>path</key>
			<string>FitFriendsTests-Info.plist</string>
			<key>sourceTree</key>
			<string>&lt;group&gt;</string>
		</dict>
		<key>DBB8E20B176C200700079FDF</key>
		<dict>
			<key>children</key>
			<array>
				<string>DBB8E20C176C200700079FDF</string>
			</array>
			<key>isa</key>
			<string>PBXVariantGroup</string>
			<key>name</key>
			<string>InfoPlist.strings</string>
			<key>sourceTree</key>
			<string>&lt;group&gt;</string>
		</dict>
		<key>DBB8E20C176C200700079FDF</key>
		<dict>
			<key>isa</key>
			<string>PBXFileReference</string>
			<key>lastKnownFileType</key>
			<string>text.plist.strings</string>
			<key>name</key>
			<string>en</string>
			<key>path</key>
			<string>en.lproj/InfoPlist.strings</string>
			<key>sourceTree</key>
			<string>&lt;group&gt;</string>
		</dict>
		<key>DBB8E20D176C200700079FDF</key>
		<dict>
			<key>fileRef</key>
			<string>DBB8E20B176C200700079FDF</string>
			<key>isa</key>
			<string>PBXBuildFile</string>
		</dict>
		<key>DBB8E20E176C200700079FDF</key>
		<dict>
			<key>isa</key>
			<string>PBXFileReference</string>
			<key>lastKnownFileType</key>
			<string>sourcecode.c.h</string>
			<key>path</key>
			<string>FitFriendsTests.h</string>
			<key>sourceTree</key>
			<string>&lt;group&gt;</string>
		</dict>
		<key>DBB8E20F176C200700079FDF</key>
		<dict>
			<key>isa</key>
			<string>PBXFileReference</string>
			<key>lastKnownFileType</key>
			<string>sourcecode.c.objc</string>
			<key>path</key>
			<string>FitFriendsTests.m</string>
			<key>sourceTree</key>
			<string>&lt;group&gt;</string>
		</dict>
		<key>DBB8E210176C200700079FDF</key>
		<dict>
			<key>fileRef</key>
			<string>DBB8E20F176C200700079FDF</string>
			<key>isa</key>
			<string>PBXBuildFile</string>
		</dict>
		<key>DBB8E211176C200700079FDF</key>
		<dict>
			<key>buildSettings</key>
			<dict>
				<key>ALWAYS_SEARCH_USER_PATHS</key>
				<string>NO</string>
				<key>CLANG_CXX_LANGUAGE_STANDARD</key>
				<string>gnu++0x</string>
				<key>CLANG_CXX_LIBRARY</key>
				<string>libc++</string>
				<key>CLANG_ENABLE_OBJC_ARC</key>
				<string>YES</string>
				<key>CLANG_WARN_CONSTANT_CONVERSION</key>
				<string>YES</string>
				<key>CLANG_WARN_EMPTY_BODY</key>
				<string>YES</string>
				<key>CLANG_WARN_ENUM_CONVERSION</key>
				<string>YES</string>
				<key>CLANG_WARN_INT_CONVERSION</key>
				<string>YES</string>
				<key>CLANG_WARN__DUPLICATE_METHOD_MATCH</key>
				<string>YES</string>
				<key>CODE_SIGN_IDENTITY[sdk=iphoneos*]</key>
				<string>iPhone Developer</string>
				<key>COPY_PHASE_STRIP</key>
				<string>NO</string>
				<key>GCC_C_LANGUAGE_STANDARD</key>
				<string>gnu99</string>
				<key>GCC_DYNAMIC_NO_PIC</key>
				<string>NO</string>
				<key>GCC_OPTIMIZATION_LEVEL</key>
				<string>0</string>
				<key>GCC_PREPROCESSOR_DEFINITIONS</key>
				<array>
					<string>DEBUG=1</string>
					<string>$(inherited)</string>
				</array>
				<key>GCC_SYMBOLS_PRIVATE_EXTERN</key>
				<string>NO</string>
				<key>GCC_WARN_ABOUT_RETURN_TYPE</key>
				<string>YES</string>
				<key>GCC_WARN_UNINITIALIZED_AUTOS</key>
				<string>YES</string>
				<key>GCC_WARN_UNUSED_VARIABLE</key>
				<string>YES</string>
				<key>IPHONEOS_DEPLOYMENT_TARGET</key>
				<string>6.1</string>
				<key>ONLY_ACTIVE_ARCH</key>
				<string>YES</string>
				<key>SDKROOT</key>
				<string>iphoneos</string>
				<key>TARGETED_DEVICE_FAMILY</key>
				<string>1,2</string>
			</dict>
			<key>isa</key>
			<string>XCBuildConfiguration</string>
			<key>name</key>
			<string>Debug</string>
		</dict>
		<key>DBB8E212176C200700079FDF</key>
		<dict>
			<key>buildSettings</key>
			<dict>
				<key>ALWAYS_SEARCH_USER_PATHS</key>
				<string>NO</string>
				<key>CLANG_CXX_LANGUAGE_STANDARD</key>
				<string>gnu++0x</string>
				<key>CLANG_CXX_LIBRARY</key>
				<string>libc++</string>
				<key>CLANG_ENABLE_OBJC_ARC</key>
				<string>YES</string>
				<key>CLANG_WARN_CONSTANT_CONVERSION</key>
				<string>YES</string>
				<key>CLANG_WARN_EMPTY_BODY</key>
				<string>YES</string>
				<key>CLANG_WARN_ENUM_CONVERSION</key>
				<string>YES</string>
				<key>CLANG_WARN_INT_CONVERSION</key>
				<string>YES</string>
				<key>CLANG_WARN__DUPLICATE_METHOD_MATCH</key>
				<string>YES</string>
				<key>CODE_SIGN_IDENTITY[sdk=iphoneos*]</key>
				<string>iPhone Developer</string>
				<key>COPY_PHASE_STRIP</key>
				<string>YES</string>
				<key>GCC_C_LANGUAGE_STANDARD</key>
				<string>gnu99</string>
				<key>GCC_WARN_ABOUT_RETURN_TYPE</key>
				<string>YES</string>
				<key>GCC_WARN_UNINITIALIZED_AUTOS</key>
				<string>YES</string>
				<key>GCC_WARN_UNUSED_VARIABLE</key>
				<string>YES</string>
				<key>IPHONEOS_DEPLOYMENT_TARGET</key>
				<string>6.1</string>
				<key>OTHER_CFLAGS</key>
				<string>-DNS_BLOCK_ASSERTIONS=1</string>
				<key>SDKROOT</key>
				<string>iphoneos</string>
				<key>TARGETED_DEVICE_FAMILY</key>
				<string>1,2</string>
				<key>VALIDATE_PRODUCT</key>
				<string>YES</string>
			</dict>
			<key>isa</key>
			<string>XCBuildConfiguration</string>
			<key>name</key>
			<string>Release</string>
		</dict>
		<key>DBB8E213176C200700079FDF</key>
		<dict>
			<key>buildConfigurations</key>
			<array>
				<string>DBB8E214176C200700079FDF</string>
				<string>DBB8E215176C200700079FDF</string>
			</array>
			<key>defaultConfigurationIsVisible</key>
			<string>0</string>
			<key>isa</key>
			<string>XCConfigurationList</string>
		</dict>
		<key>DBB8E214176C200700079FDF</key>
		<dict>
			<key>baseConfigurationReference</key>
			<string>6330A313889F4815BFF243A1</string>
			<key>buildSettings</key>
			<dict>
				<key>GCC_PRECOMPILE_PREFIX_HEADER</key>
				<string>YES</string>
				<key>GCC_PREFIX_HEADER</key>
				<string>FitFriends/FitFriends-Prefix.pch</string>
				<key>INFOPLIST_FILE</key>
				<string>FitFriends/FitFriends-Info.plist</string>
				<key>PRODUCT_NAME</key>
				<string>$(TARGET_NAME)</string>
				<key>WRAPPER_EXTENSION</key>
				<string>app</string>
			</dict>
			<key>isa</key>
			<string>XCBuildConfiguration</string>
			<key>name</key>
			<string>Debug</string>
		</dict>
		<key>DBB8E215176C200700079FDF</key>
		<dict>
			<key>baseConfigurationReference</key>
			<string>6330A313889F4815BFF243A1</string>
			<key>buildSettings</key>
			<dict>
				<key>GCC_PRECOMPILE_PREFIX_HEADER</key>
				<string>YES</string>
				<key>GCC_PREFIX_HEADER</key>
				<string>FitFriends/FitFriends-Prefix.pch</string>
				<key>INFOPLIST_FILE</key>
				<string>FitFriends/FitFriends-Info.plist</string>
				<key>PRODUCT_NAME</key>
				<string>$(TARGET_NAME)</string>
				<key>WRAPPER_EXTENSION</key>
				<string>app</string>
			</dict>
			<key>isa</key>
			<string>XCBuildConfiguration</string>
			<key>name</key>
			<string>Release</string>
		</dict>
		<key>DBB8E216176C200700079FDF</key>
		<dict>
			<key>buildConfigurations</key>
			<array>
				<string>DBB8E217176C200700079FDF</string>
				<string>DBB8E218176C200700079FDF</string>
			</array>
			<key>defaultConfigurationIsVisible</key>
			<string>0</string>
			<key>isa</key>
			<string>XCConfigurationList</string>
		</dict>
		<key>DBB8E217176C200700079FDF</key>
		<dict>
			<key>buildSettings</key>
			<dict>
				<key>BUNDLE_LOADER</key>
				<string>$(BUILT_PRODUCTS_DIR)/FitFriends.app/FitFriends</string>
				<key>FRAMEWORK_SEARCH_PATHS</key>
				<array>
					<string>"$(SDKROOT)/Developer/Library/Frameworks"</string>
					<string>"$(DEVELOPER_LIBRARY_DIR)/Frameworks"</string>
				</array>
				<key>GCC_PRECOMPILE_PREFIX_HEADER</key>
				<string>YES</string>
				<key>GCC_PREFIX_HEADER</key>
				<string>FitFriends/FitFriends-Prefix.pch</string>
				<key>INFOPLIST_FILE</key>
				<string>FitFriendsTests/FitFriendsTests-Info.plist</string>
				<key>PRODUCT_NAME</key>
				<string>$(TARGET_NAME)</string>
				<key>TEST_HOST</key>
				<string>$(BUNDLE_LOADER)</string>
				<key>WRAPPER_EXTENSION</key>
				<string>octest</string>
			</dict>
			<key>isa</key>
			<string>XCBuildConfiguration</string>
			<key>name</key>
			<string>Debug</string>
		</dict>
		<key>DBB8E218176C200700079FDF</key>
		<dict>
			<key>buildSettings</key>
			<dict>
				<key>BUNDLE_LOADER</key>
				<string>$(BUILT_PRODUCTS_DIR)/FitFriends.app/FitFriends</string>
				<key>FRAMEWORK_SEARCH_PATHS</key>
				<array>
					<string>"$(SDKROOT)/Developer/Library/Frameworks"</string>
					<string>"$(DEVELOPER_LIBRARY_DIR)/Frameworks"</string>
				</array>
				<key>GCC_PRECOMPILE_PREFIX_HEADER</key>
				<string>YES</string>
				<key>GCC_PREFIX_HEADER</key>
				<string>FitFriends/FitFriends-Prefix.pch</string>
				<key>INFOPLIST_FILE</key>
				<string>FitFriendsTests/FitFriendsTests-Info.plist</string>
				<key>PRODUCT_NAME</key>
				<string>$(TARGET_NAME)</string>
				<key>TEST_HOST</key>
				<string>$(BUNDLE_LOADER)</string>
				<key>WRAPPER_EXTENSION</key>
				<string>octest</string>
			</dict>
			<key>isa</key>
			<string>XCBuildConfiguration</string>
			<key>name</key>
			<string>Release</string>
		</dict>
		<key>EBBE5AC1359440D1A548F152</key>
		<dict>
			<key>buildActionMask</key>
			<string>2147483647</string>
			<key>files</key>
			<array/>
			<key>inputPaths</key>
			<array/>
			<key>isa</key>
			<string>PBXShellScriptBuildPhase</string>
			<key>name</key>
			<string>Copy Pods Resources</string>
			<key>outputPaths</key>
			<array/>
			<key>runOnlyForDeploymentPostprocessing</key>
			<string>0</string>
			<key>shellPath</key>
			<string>/bin/sh</string>
			<key>shellScript</key>
			<string>"${SRCROOT}/Pods/Pods-resources.sh"
</string>
			<key>showEnvVarsInLog</key>
			<string>1</string>
		</dict>
	</dict>
	<key>rootObject</key>
	<string>DBB8E1D9176C200600079FDF</string>
</dict>
</plist>
